{
  "name": "relaystore",
  "lockfileVersion": 3,
  "requires": true,
  "packages": {
    "": {
      "dependencies": {
        "linkify-html": "^4.1.3",
        "linkifyjs": "^4.1.3"
      }
    },
    "node_modules/linkify-html": {
      "version": "4.1.3",
      "resolved": "https://registry.npmjs.org/linkify-html/-/linkify-html-4.1.3.tgz",
      "integrity": "sha512-Ejb8X/pOxB4IVqG1U37tnF85UW3JtX+eHudH3zlZ2pODz2e/J7zQ/vj+VDWffwhTecJqdRehhluwrRmKoJz+iQ==",
      "peerDependencies": {
        "linkifyjs": "^4.0.0"
      }
    },
    "node_modules/linkifyjs": {
      "version": "4.1.3",
      "resolved": "https://registry.npmjs.org/linkifyjs/-/linkifyjs-4.1.3.tgz",
      "integrity": "sha512-auMesunaJ8yfkHvK4gfg1K0SaKX/6Wn9g2Aac/NwX+l5VdmFZzo/hdPGxEOETj+ryRa4/fiOPjeeKURSAJx1sg=="
    }
  }
}
